// !$*UTF8*$!
{
	archiveVersion = 1;
	classes = {
	};
	objectVersion = 56;
	objects = {

/* Begin PBXBuildFile section */
		88FEC8EF2CA6A2B700B1C8F6 /* AppDelegate.swift in Sources */ = {isa = PBXBuildFile; fileRef = 88FEC8EE2CA6A2B700B1C8F6 /* AppDelegate.swift */; };
		88FEC8F12CA6A2B700B1C8F6 /* SceneDelegate.swift in Sources */ = {isa = PBXBuildFile; fileRef = 88FEC8F02CA6A2B700B1C8F6 /* SceneDelegate.swift */; };
		88FEC8F82CA6A2BA00B1C8F6 /* Assets.xcassets in Resources */ = {isa = PBXBuildFile; fileRef = 88FEC8F72CA6A2BA00B1C8F6 /* Assets.xcassets */; };
		88FEC8FB2CA6A2BA00B1C8F6 /* LaunchScreen.storyboard in Resources */ = {isa = PBXBuildFile; fileRef = 88FEC8F92CA6A2BA00B1C8F6 /* LaunchScreen.storyboard */; };
		88FEC9032CA6A49A00B1C8F6 /* MainTabbarViewController.swift in Sources */ = {isa = PBXBuildFile; fileRef = 88FEC9022CA6A49A00B1C8F6 /* MainTabbarViewController.swift */; };
		88FEC9072CA6A59600B1C8F6 /* HomeViewController.swift in Sources */ = {isa = PBXBuildFile; fileRef = 88FEC9062CA6A59600B1C8F6 /* HomeViewController.swift */; };
		88FEC9092CA6A5A700B1C8F6 /* SearchViewController.swift in Sources */ = {isa = PBXBuildFile; fileRef = 88FEC9082CA6A5A700B1C8F6 /* SearchViewController.swift */; };
		88FEC90B2CA6A5B900B1C8F6 /* DirectMessagesViewController.swift in Sources */ = {isa = PBXBuildFile; fileRef = 88FEC90A2CA6A5B900B1C8F6 /* DirectMessagesViewController.swift */; };
		88FEC90D2CA6A5CF00B1C8F6 /* NotificationViewController.swift in Sources */ = {isa = PBXBuildFile; fileRef = 88FEC90C2CA6A5CF00B1C8F6 /* NotificationViewController.swift */; };
		88FEC9102CA6E3FE00B1C8F6 /* TweerTableViewCell.swift in Sources */ = {isa = PBXBuildFile; fileRef = 88FEC90F2CA6E3FE00B1C8F6 /* TweerTableViewCell.swift */; };
/* End PBXBuildFile section */

/* Begin PBXFileReference section */
		88FEC8EB2CA6A2B700B1C8F6 /* TwitterClone.app */ = {isa = PBXFileReference; explicitFileType = wrapper.application; includeInIndex = 0; path = TwitterClone.app; sourceTree = BUILT_PRODUCTS_DIR; };
		88FEC8EE2CA6A2B700B1C8F6 /* AppDelegate.swift */ = {isa = PBXFileReference; lastKnownFileType = sourcecode.swift; path = AppDelegate.swift; sourceTree = "<group>"; };
		88FEC8F02CA6A2B700B1C8F6 /* SceneDelegate.swift */ = {isa = PBXFileReference; lastKnownFileType = sourcecode.swift; path = SceneDelegate.swift; sourceTree = "<group>"; };
		88FEC8F72CA6A2BA00B1C8F6 /* Assets.xcassets */ = {isa = PBXFileReference; lastKnownFileType = folder.assetcatalog; path = Assets.xcassets; sourceTree = "<group>"; };
		88FEC8FA2CA6A2BA00B1C8F6 /* Base */ = {isa = PBXFileReference; lastKnownFileType = file.storyboard; name = Base; path = Base.lproj/LaunchScreen.storyboard; sourceTree = "<group>"; };
		88FEC8FC2CA6A2BA00B1C8F6 /* Info.plist */ = {isa = PBXFileReference; lastKnownFileType = text.plist.xml; path = Info.plist; sourceTree = "<group>"; };
		88FEC9022CA6A49A00B1C8F6 /* MainTabbarViewController.swift */ = {isa = PBXFileReference; lastKnownFileType = sourcecode.swift; path = MainTabbarViewController.swift; sourceTree = "<group>"; };
		88FEC9062CA6A59600B1C8F6 /* HomeViewController.swift */ = {isa = PBXFileReference; lastKnownFileType = sourcecode.swift; path = HomeViewController.swift; sourceTree = "<group>"; };
		88FEC9082CA6A5A700B1C8F6 /* SearchViewController.swift */ = {isa = PBXFileReference; lastKnownFileType = sourcecode.swift; path = SearchViewController.swift; sourceTree = "<group>"; };
		88FEC90A2CA6A5B900B1C8F6 /* DirectMessagesViewController.swift */ = {isa = PBXFileReference; lastKnownFileType = sourcecode.swift; path = DirectMessagesViewController.swift; sourceTree = "<group>"; };
		88FEC90C2CA6A5CF00B1C8F6 /* NotificationViewController.swift */ = {isa = PBXFileReference; lastKnownFileType = sourcecode.swift; path = NotificationViewController.swift; sourceTree = "<group>"; };
		88FEC90F2CA6E3FE00B1C8F6 /* TweerTableViewCell.swift */ = {isa = PBXFileReference; lastKnownFileType = sourcecode.swift; path = TweerTableViewCell.swift; sourceTree = "<group>"; };
/* End PBXFileReference section */

/* Begin PBXFrameworksBuildPhase section */
		88FEC8E82CA6A2B700B1C8F6 /* Frameworks */ = {
			isa = PBXFrameworksBuildPhase;
			buildActionMask = 2147483647;
			files = (
			);
			runOnlyForDeploymentPostprocessing = 0;
		};
/* End PBXFrameworksBuildPhase section */

/* Begin PBXGroup section */
		88FEC8E22CA6A2B600B1C8F6 = {
			isa = PBXGroup;
			children = (
				88FEC8ED2CA6A2B700B1C8F6 /* TwitterClone */,
				88FEC8EC2CA6A2B700B1C8F6 /* Products */,
			);
			sourceTree = "<group>";
		};
		88FEC8EC2CA6A2B700B1C8F6 /* Products */ = {
			isa = PBXGroup;
			children = (
				88FEC8EB2CA6A2B700B1C8F6 /* TwitterClone.app */,
			);
			name = Products;
			sourceTree = "<group>";
		};
		88FEC8ED2CA6A2B700B1C8F6 /* TwitterClone */ = {
			isa = PBXGroup;
			children = (
				88FEC90E2CA6E3BD00B1C8F6 /* Views */,
				88FEC9042CA6A56900B1C8F6 /* Controllers */,
				88FEC8EE2CA6A2B700B1C8F6 /* AppDelegate.swift */,
				88FEC8F02CA6A2B700B1C8F6 /* SceneDelegate.swift */,
				88FEC8F72CA6A2BA00B1C8F6 /* Assets.xcassets */,
				88FEC8F92CA6A2BA00B1C8F6 /* LaunchScreen.storyboard */,
				88FEC8FC2CA6A2BA00B1C8F6 /* Info.plist */,
			);
			path = TwitterClone;
			sourceTree = "<group>";
		};
		88FEC9042CA6A56900B1C8F6 /* Controllers */ = {
			isa = PBXGroup;
			children = (
				88FEC9052CA6A57700B1C8F6 /* Core */,
			);
			path = Controllers;
			sourceTree = "<group>";
		};
		88FEC9052CA6A57700B1C8F6 /* Core */ = {
			isa = PBXGroup;
			children = (
				88FEC9022CA6A49A00B1C8F6 /* MainTabbarViewController.swift */,
				88FEC9062CA6A59600B1C8F6 /* HomeViewController.swift */,
				88FEC9082CA6A5A700B1C8F6 /* SearchViewController.swift */,
				88FEC90A2CA6A5B900B1C8F6 /* DirectMessagesViewController.swift */,
				88FEC90C2CA6A5CF00B1C8F6 /* NotificationViewController.swift */,
			);
			path = Core;
			sourceTree = "<group>";
		};
		88FEC90E2CA6E3BD00B1C8F6 /* Views */ = {
			isa = PBXGroup;
			children = (
				88FEC90F2CA6E3FE00B1C8F6 /* TweerTableViewCell.swift */,
			);
			path = Views;
			sourceTree = "<group>";
		};
/* End PBXGroup section */

/* Begin PBXNativeTarget section */
		88FEC8EA2CA6A2B700B1C8F6 /* TwitterClone */ = {
			isa = PBXNativeTarget;
			buildConfigurationList = 88FEC8FF2CA6A2BA00B1C8F6 /* Build configuration list for PBXNativeTarget "TwitterClone" */;
			buildPhases = (
				88FEC8E72CA6A2B700B1C8F6 /* Sources */,
				88FEC8E82CA6A2B700B1C8F6 /* Frameworks */,
				88FEC8E92CA6A2B700B1C8F6 /* Resources */,
			);
			buildRules = (
			);
			dependencies = (
			);
			name = TwitterClone;
			productName = TwitterClone;
			productReference = 88FEC8EB2CA6A2B700B1C8F6 /* TwitterClone.app */;
			productType = "com.apple.product-type.application";
		};
/* End PBXNativeTarget section */

/* Begin PBXProject section */
		88FEC8E32CA6A2B600B1C8F6 /* Project object */ = {
			isa = PBXProject;
			attributes = {
				BuildIndependentTargetsInParallel = 1;
				LastSwiftUpdateCheck = 1520;
				LastUpgradeCheck = 1520;
				TargetAttributes = {
					88FEC8EA2CA6A2B700B1C8F6 = {
						CreatedOnToolsVersion = 15.2;
					};
				};
			};
			buildConfigurationList = 88FEC8E62CA6A2B600B1C8F6 /* Build configuration list for PBXProject "TwitterClone" */;
			compatibilityVersion = "Xcode 14.0";
			developmentRegion = en;
			hasScannedForEncodings = 0;
			knownRegions = (
				en,
				Base,
			);
			mainGroup = 88FEC8E22CA6A2B600B1C8F6;
			productRefGroup = 88FEC8EC2CA6A2B700B1C8F6 /* Products */;
			projectDirPath = "";
			projectRoot = "";
			targets = (
				88FEC8EA2CA6A2B700B1C8F6 /* TwitterClone */,
			);
		};
/* End PBXProject section */

/* Begin PBXResourcesBuildPhase section */
		88FEC8E92CA6A2B700B1C8F6 /* Resources */ = {
			isa = PBXResourcesBuildPhase;
			buildActionMask = 2147483647;
			files = (
				88FEC8FB2CA6A2BA00B1C8F6 /* LaunchScreen.storyboard in Resources */,
				88FEC8F82CA6A2BA00B1C8F6 /* Assets.xcassets in Resources */,
			);
			runOnlyForDeploymentPostprocessing = 0;
		};
/* End PBXResourcesBuildPhase section */

/* Begin PBXSourcesBuildPhase section */
		88FEC8E72CA6A2B700B1C8F6 /* Sources */ = {
			isa = PBXSourcesBuildPhase;
			buildActionMask = 2147483647;
			files = (
				88FEC9092CA6A5A700B1C8F6 /* SearchViewController.swift in Sources */,
				88FEC9032CA6A49A00B1C8F6 /* MainTabbarViewController.swift in Sources */,
				88FEC8EF2CA6A2B700B1C8F6 /* AppDelegate.swift in Sources */,
				88FEC90D2CA6A5CF00B1C8F6 /* NotificationViewController.swift in Sources */,
				88FEC8F12CA6A2B700B1C8F6 /* SceneDelegate.swift in Sources */,
				88FEC9102CA6E3FE00B1C8F6 /* TweerTableViewCell.swift in Sources */,
				88FEC9072CA6A59600B1C8F6 /* HomeViewController.swift in Sources */,
				88FEC90B2CA6A5B900B1C8F6 /* DirectMessagesViewController.swift in Sources */,
			);
			runOnlyForDeploymentPostprocessing = 0;
		};
/* End PBXSourcesBuildPhase section */

/* Begin PBXVariantGroup section */
		88FEC8F92CA6A2BA00B1C8F6 /* LaunchScreen.storyboard */ = {
			isa = PBXVariantGroup;
			children = (
				88FEC8FA2CA6A2BA00B1C8F6 /* Base */,
			);
			name = LaunchScreen.storyboard;
			sourceTree = "<group>";
		};
/* End PBXVariantGroup section */

/* Begin XCBuildConfiguration section */
		88FEC8FD2CA6A2BA00B1C8F6 /* Debug */ = {
			isa = XCBuildConfiguration;
			buildSettings = {
				ALWAYS_SEARCH_USER_PATHS = NO;
				ASSETCATALOG_COMPILER_GENERATE_SWIFT_ASSET_SYMBOL_EXTENSIONS = YES;
				CLANG_ANALYZER_NONNULL = YES;
				CLANG_ANALYZER_NUMBER_OBJECT_CONVERSION = YES_AGGRESSIVE;
				CLANG_CXX_LANGUAGE_STANDARD = "gnu++20";
				CLANG_ENABLE_MODULES = YES;
				CLANG_ENABLE_OBJC_ARC = YES;
				CLANG_ENABLE_OBJC_WEAK = YES;
				CLANG_WARN_BLOCK_CAPTURE_AUTORELEASING = YES;
				CLANG_WARN_BOOL_CONVERSION = YES;
				CLANG_WARN_COMMA = YES;
				CLANG_WARN_CONSTANT_CONVERSION = YES;
				CLANG_WARN_DEPRECATED_OBJC_IMPLEMENTATIONS = YES;
				CLANG_WARN_DIRECT_OBJC_ISA_USAGE = YES_ERROR;
				CLANG_WARN_DOCUMENTATION_COMMENTS = YES;
				CLANG_WARN_EMPTY_BODY = YES;
				CLANG_WARN_ENUM_CONVERSION = YES;
				CLANG_WARN_INFINITE_RECURSION = YES;
				CLANG_WARN_INT_CONVERSION = YES;
				CLANG_WARN_NON_LITERAL_NULL_CONVERSION = YES;
				CLANG_WARN_OBJC_IMPLICIT_RETAIN_SELF = YES;
				CLANG_WARN_OBJC_LITERAL_CONVERSION = YES;
				CLANG_WARN_OBJC_ROOT_CLASS = YES_ERROR;
				CLANG_WARN_QUOTED_INCLUDE_IN_FRAMEWORK_HEADER = YES;
				CLANG_WARN_RANGE_LOOP_ANALYSIS = YES;
				CLANG_WARN_STRICT_PROTOTYPES = YES;
				CLANG_WARN_SUSPICIOUS_MOVE = YES;
				CLANG_WARN_UNGUARDED_AVAILABILITY = YES_AGGRESSIVE;
				CLANG_WARN_UNREACHABLE_CODE = YES;
				CLANG_WARN__DUPLICATE_METHOD_MATCH = YES;
				COPY_PHASE_STRIP = NO;
				DEBUG_INFORMATION_FORMAT = dwarf;
				ENABLE_STRICT_OBJC_MSGSEND = YES;
				ENABLE_TESTABILITY = YES;
				ENABLE_USER_SCRIPT_SANDBOXING = YES;
				GCC_C_LANGUAGE_STANDARD = gnu17;
				GCC_DYNAMIC_NO_PIC = NO;
				GCC_NO_COMMON_BLOCKS = YES;
				GCC_OPTIMIZATION_LEVEL = 0;
				GCC_PREPROCESSOR_DEFINITIONS = (
					"DEBUG=1",
					"$(inherited)",
				);
				GCC_WARN_64_TO_32_BIT_CONVERSION = YES;
				GCC_WARN_ABOUT_RETURN_TYPE = YES_ERROR;
				GCC_WARN_UNDECLARED_SELECTOR = YES;
				GCC_WARN_UNINITIALIZED_AUTOS = YES_AGGRESSIVE;
				GCC_WARN_UNUSED_FUNCTION = YES;
				GCC_WARN_UNUSED_VARIABLE = YES;
				IPHONEOS_DEPLOYMENT_TARGET = 17.2;
				LOCALIZATION_PREFERS_STRING_CATALOGS = YES;
				MTL_ENABLE_DEBUG_INFO = INCLUDE_SOURCE;
				MTL_FAST_MATH = YES;
				ONLY_ACTIVE_ARCH = YES;
				SDKROOT = iphoneos;
				SWIFT_ACTIVE_COMPILATION_CONDITIONS = "DEBUG $(inherited)";
				SWIFT_OPTIMIZATION_LEVEL = "-Onone";
			};
			name = Debug;
		};
		88FEC8FE2CA6A2BA00B1C8F6 /* Release */ = {
			isa = XCBuildConfiguration;
			buildSettings = {
				ALWAYS_SEARCH_USER_PATHS = NO;
				ASSETCATALOG_COMPILER_GENERATE_SWIFT_ASSET_SYMBOL_EXTENSIONS = YES;
				CLANG_ANALYZER_NONNULL = YES;
				CLANG_ANALYZER_NUMBER_OBJECT_CONVERSION = YES_AGGRESSIVE;
				CLANG_CXX_LANGUAGE_STANDARD = "gnu++20";
				CLANG_ENABLE_MODULES = YES;
				CLANG_ENABLE_OBJC_ARC = YES;
				CLANG_ENABLE_OBJC_WEAK = YES;
				CLANG_WARN_BLOCK_CAPTURE_AUTORELEASING = YES;
				CLANG_WARN_BOOL_CONVERSION = YES;
				CLANG_WARN_COMMA = YES;
				CLANG_WARN_CONSTANT_CONVERSION = YES;
				CLANG_WARN_DEPRECATED_OBJC_IMPLEMENTATIONS = YES;
				CLANG_WARN_DIRECT_OBJC_ISA_USAGE = YES_ERROR;
				CLANG_WARN_DOCUMENTATION_COMMENTS = YES;
				CLANG_WARN_EMPTY_BODY = YES;
				CLANG_WARN_ENUM_CONVERSION = YES;
				CLANG_WARN_INFINITE_RECURSION = YES;
				CLANG_WARN_INT_CONVERSION = YES;
				CLANG_WARN_NON_LITERAL_NULL_CONVERSION = YES;
				CLANG_WARN_OBJC_IMPLICIT_RETAIN_SELF = YES;
				CLANG_WARN_OBJC_LITERAL_CONVERSION = YES;
				CLANG_WARN_OBJC_ROOT_CLASS = YES_ERROR;
				CLANG_WARN_QUOTED_INCLUDE_IN_FRAMEWORK_HEADER = YES;
				CLANG_WARN_RANGE_LOOP_ANALYSIS = YES;
				CLANG_WARN_STRICT_PROTOTYPES = YES;
				CLANG_WARN_SUSPICIOUS_MOVE = YES;
				CLANG_WARN_UNGUARDED_AVAILABILITY = YES_AGGRESSIVE;
				CLANG_WARN_UNREACHABLE_CODE = YES;
				CLANG_WARN__DUPLICATE_METHOD_MATCH = YES;
				COPY_PHASE_STRIP = NO;
				DEBUG_INFORMATION_FORMAT = "dwarf-with-dsym";
				ENABLE_NS_ASSERTIONS = NO;
				ENABLE_STRICT_OBJC_MSGSEND = YES;
				ENABLE_USER_SCRIPT_SANDBOXING = YES;
				GCC_C_LANGUAGE_STANDARD = gnu17;
				GCC_NO_COMMON_BLOCKS = YES;
				GCC_WARN_64_TO_32_BIT_CONVERSION = YES;
				GCC_WARN_ABOUT_RETURN_TYPE = YES_ERROR;
				GCC_WARN_UNDECLARED_SELECTOR = YES;
				GCC_WARN_UNINITIALIZED_AUTOS = YES_AGGRESSIVE;
				GCC_WARN_UNUSED_FUNCTION = YES;
				GCC_WARN_UNUSED_VARIABLE = YES;
				IPHONEOS_DEPLOYMENT_TARGET = 17.2;
				LOCALIZATION_PREFERS_STRING_CATALOGS = YES;
				MTL_ENABLE_DEBUG_INFO = NO;
				MTL_FAST_MATH = YES;
				SDKROOT = iphoneos;
				SWIFT_COMPILATION_MODE = wholemodule;
				VALIDATE_PRODUCT = YES;
			};
			name = Release;
		};
		88FEC9002CA6A2BA00B1C8F6 /* Debug */ = {
			isa = XCBuildConfiguration;
			buildSettings = {
				ASSETCATALOG_COMPILER_APPICON_NAME = AppIcon;
				ASSETCATALOG_COMPILER_GLOBAL_ACCENT_COLOR_NAME = AccentColor;
				CODE_SIGN_STYLE = Automatic;
				CURRENT_PROJECT_VERSION = 1;
				DEVELOPMENT_TEAM = B5ZX5L5KCH;
				GENERATE_INFOPLIST_FILE = YES;
				INFOPLIST_FILE = TwitterClone/Info.plist;
				INFOPLIST_KEY_UIApplicationSupportsIndirectInputEvents = YES;
				INFOPLIST_KEY_UILaunchStoryboardName = LaunchScreen;
				INFOPLIST_KEY_UISupportedInterfaceOrientations_iPad = "UIInterfaceOrientationPortrait UIInterfaceOrientationPortraitUpsideDown UIInterfaceOrientationLandscapeLeft UIInterfaceOrientationLandscapeRight";
				INFOPLIST_KEY_UISupportedInterfaceOrientations_iPhone = "UIInterfaceOrientationPortrait UIInterfaceOrientationLandscapeLeft UIInterfaceOrientationLandscapeRight";
				LD_RUNPATH_SEARCH_PATHS = (
					"$(inherited)",
					"@executable_path/Frameworks",
				);
				MARKETING_VERSION = 1.0;
				PRODUCT_BUNDLE_IDENTIFIER = swiftLearning.TwitterClone;
				PRODUCT_NAME = "$(TARGET_NAME)";
				SWIFT_EMIT_LOC_STRINGS = YES;
				SWIFT_VERSION = 5.0;
				TARGETED_DEVICE_FAMILY = "1,2";
			};
			name = Debug;
		};
		88FEC9012CA6A2BA00B1C8F6 /* Release */ = {
			isa = XCBuildConfiguration;
			buildSettings = {
				ASSETCATALOG_COMPILER_APPICON_NAME = AppIcon;
				ASSETCATALOG_COMPILER_GLOBAL_ACCENT_COLOR_NAME = AccentColor;
				CODE_SIGN_STYLE = Automatic;
				CURRENT_PROJECT_VERSION = 1;
				DEVELOPMENT_TEAM = B5ZX5L5KCH;
				GENERATE_INFOPLIST_FILE = YES;
				INFOPLIST_FILE = TwitterClone/Info.plist;
				INFOPLIST_KEY_UIApplicationSupportsIndirectInputEvents = YES;
				INFOPLIST_KEY_UILaunchStoryboardName = LaunchScreen;
				INFOPLIST_KEY_UISupportedInterfaceOrientations_iPad = "UIInterfaceOrientationPortrait UIInterfaceOrientationPortraitUpsideDown UIInterfaceOrientationLandscapeLeft UIInterfaceOrientationLandscapeRight";
				INFOPLIST_KEY_UISupportedInterfaceOrientations_iPhone = "UIInterfaceOrientationPortrait UIInterfaceOrientationLandscapeLeft UIInterfaceOrientationLandscapeRight";
				LD_RUNPATH_SEARCH_PATHS = (
					"$(inherited)",
					"@executable_path/Frameworks",
				);
				MARKETING_VERSION = 1.0;
				PRODUCT_BUNDLE_IDENTIFIER = swiftLearning.TwitterClone;
				PRODUCT_NAME = "$(TARGET_NAME)";
				SWIFT_EMIT_LOC_STRINGS = YES;
				SWIFT_VERSION = 5.0;
				TARGETED_DEVICE_FAMILY = "1,2";
			};
			name = Release;
		};
/* End XCBuildConfiguration section */

/* Begin XCConfigurationList section */
		88FEC8E62CA6A2B600B1C8F6 /* Build configuration list for PBXProject "TwitterClone" */ = {
			isa = XCConfigurationList;
			buildConfigurations = (
				88FEC8FD2CA6A2BA00B1C8F6 /* Debug */,
				88FEC8FE2CA6A2BA00B1C8F6 /* Release */,
			);
			defaultConfigurationIsVisible = 0;
			defaultConfigurationName = Release;
		};
		88FEC8FF2CA6A2BA00B1C8F6 /* Build configuration list for PBXNativeTarget "TwitterClone" */ = {
			isa = XCConfigurationList;
			buildConfigurations = (
				88FEC9002CA6A2BA00B1C8F6 /* Debug */,
				88FEC9012CA6A2BA00B1C8F6 /* Release */,
			);
			defaultConfigurationIsVisible = 0;
			defaultConfigurationName = Release;
		};
/* End XCConfigurationList section */
	};
	rootObject = 88FEC8E32CA6A2B600B1C8F6 /* Project object */;
}
